
Microsoft Visual Studio Solution File, Format Version 12.00
# Visual Studio Version 16
VisualStudioVersion = 16.0.31729.503
MinimumVisualStudioVersion = 10.0.40219.1
Project("{FAE04EC0-301F-11D3-BF4B-00C04F79EFBC}") = "Completare Contracte", "Completare Contracte\Completare Contracte.csproj", "{E6FEC867-B87D-4123-9628-14AAF5D45093}"
EndProject
Global
	GlobalSection(SolutionConfigurationPlatforms) = preSolution
		Debug|Any CPU = Debug|Any CPU
		Release|Any CPU = Release|Any CPU
	EndGlobalSection
	GlobalSection(ProjectConfigurationPlatforms) = postSolution
		{E6FEC867-B87D-4123-9628-14AAF5D45093}.Debug|Any CPU.ActiveCfg = Debug|Any CPU
		{E6FEC867-B87D-4123-9628-14AAF5D45093}.Debug|Any CPU.Build.0 = Debug|Any CPU
		{E6FEC867-B87D-4123-9628-14AAF5D45093}.Release|Any CPU.ActiveCfg = Release|Any CPU
		{E6FEC867-B87D-4123-9628-14AAF5D45093}.Release|Any CPU.Build.0 = Release|Any CPU
	EndGlobalSection
	GlobalSection(SolutionProperties) = preSolution
		HideSolutionNode = FALSE
	EndGlobalSection
	GlobalSection(ExtensibilityGlobals) = postSolution
		SolutionGuid = {BCA915B7-E0CC-43F3-9A86-33E3637FEBDA}
	EndGlobalSection
EndGlobal
